
Microsoft Visual Studio Solution File, Format Version 12.00
# Visual Studio Version 16
VisualStudioVersion = 16.0.29613.14
MinimumVisualStudioVersion = 10.0.40219.1
Project("{FAE04EC0-301F-11D3-BF4B-00C04F79EFBC}") = "Bijou", "Bijou\Bijou.csproj", "{76F84589-ED4C-4E34-9A3C-A6604B9BFAEE}"
EndProject
Project("{8BC9CEB8-8B4A-11D0-8D11-00A0C91BC942}") = "Bijou.NativeCrypto", "Bijou.NativeCrypto\Bijou.NativeCrypto.vcxproj", "{4A03306D-3A01-4A89-B69D-15B23A898287}"
EndProject
Project("{FAE04EC0-301F-11D3-BF4B-00C04F79EFBC}") = "Bijou.Example", "Bijou.Example\Bijou.Example.csproj", "{095E6BF2-7DF4-4BA5-A5D7-7098D56ADDF4}"
	ProjectSection(ProjectDependencies) = postProject
		{76F84589-ED4C-4E34-9A3C-A6604B9BFAEE} = {76F84589-ED4C-4E34-9A3C-A6604B9BFAEE}
	EndProjectSection
EndProject
Project("{2150E333-8FDC-42A3-9474-1A3956D46DE8}") = "Examples", "Examples", "{6EBFE7C0-7A88-489D-9CA8-AC9586AC8340}"
EndProject
Project("{2150E333-8FDC-42A3-9474-1A3956D46DE8}") = "Tests", "Tests", "{982BFDC9-6D57-4ECA-8A87-64135952BF81}"
EndProject
Project("{FAE04EC0-301F-11D3-BF4B-00C04F79EFBC}") = "TestBijou", "..\test\TestBijou\TestBijou.csproj", "{A8955DAB-F60C-4460-9A89-6EC47E18D737}"
EndProject
Project("{FAE04EC0-301F-11D3-BF4B-00C04F79EFBC}") = "Bijou.Projected", "Bijou.Projected\Bijou.Projected.csproj", "{24092479-781E-4F69-8FE5-E40E2D2FE8F4}"
EndProject
Project("{FAE04EC0-301F-11D3-BF4B-00C04F79EFBC}") = "TestBijou.Projected", "..\test\TestBijou.Projected\TestBijou.Projected.csproj", "{E35C8AFD-6F7E-494D-BCDB-C9671215A485}"
EndProject
Project("{FAE04EC0-301F-11D3-BF4B-00C04F79EFBC}") = "TestBijou.NativeCrypto", "..\test\TestBijou.NativeCrypto\TestBijou.NativeCrypto.csproj", "{1B8CA18D-7A8A-45F8-ADD7-470369F80CE9}"
EndProject
Global
	GlobalSection(SolutionConfigurationPlatforms) = preSolution
		Debug|Any CPU = Debug|Any CPU
		Debug|ARM = Debug|ARM
		Debug|ARM64 = Debug|ARM64
		Debug|x64 = Debug|x64
		Debug|x86 = Debug|x86
		Release|Any CPU = Release|Any CPU
		Release|ARM = Release|ARM
		Release|ARM64 = Release|ARM64
		Release|x64 = Release|x64
		Release|x86 = Release|x86
	EndGlobalSection
	GlobalSection(ProjectConfigurationPlatforms) = postSolution
		{76F84589-ED4C-4E34-9A3C-A6604B9BFAEE}.Debug|Any CPU.ActiveCfg = Debug|x86
		{76F84589-ED4C-4E34-9A3C-A6604B9BFAEE}.Debug|Any CPU.Build.0 = Debug|x86
		{76F84589-ED4C-4E34-9A3C-A6604B9BFAEE}.Debug|ARM.ActiveCfg = Debug|ARM
		{76F84589-ED4C-4E34-9A3C-A6604B9BFAEE}.Debug|ARM.Build.0 = Debug|ARM
		{76F84589-ED4C-4E34-9A3C-A6604B9BFAEE}.Debug|ARM64.ActiveCfg = Debug|ARM64
		{76F84589-ED4C-4E34-9A3C-A6604B9BFAEE}.Debug|ARM64.Build.0 = Debug|ARM64
		{76F84589-ED4C-4E34-9A3C-A6604B9BFAEE}.Debug|x64.ActiveCfg = Debug|x64
		{76F84589-ED4C-4E34-9A3C-A6604B9BFAEE}.Debug|x64.Build.0 = Debug|x64
		{76F84589-ED4C-4E34-9A3C-A6604B9BFAEE}.Debug|x86.ActiveCfg = Debug|x86
		{76F84589-ED4C-4E34-9A3C-A6604B9BFAEE}.Debug|x86.Build.0 = Debug|x86
		{76F84589-ED4C-4E34-9A3C-A6604B9BFAEE}.Release|Any CPU.ActiveCfg = Release|x86
		{76F84589-ED4C-4E34-9A3C-A6604B9BFAEE}.Release|Any CPU.Build.0 = Release|x86
		{76F84589-ED4C-4E34-9A3C-A6604B9BFAEE}.Release|ARM.ActiveCfg = Release|ARM
		{76F84589-ED4C-4E34-9A3C-A6604B9BFAEE}.Release|ARM.Build.0 = Release|ARM
		{76F84589-ED4C-4E34-9A3C-A6604B9BFAEE}.Release|ARM64.ActiveCfg = Release|ARM64
		{76F84589-ED4C-4E34-9A3C-A6604B9BFAEE}.Release|ARM64.Build.0 = Release|ARM64
		{76F84589-ED4C-4E34-9A3C-A6604B9BFAEE}.Release|x64.ActiveCfg = Release|x64
		{76F84589-ED4C-4E34-9A3C-A6604B9BFAEE}.Release|x64.Build.0 = Release|x64
		{76F84589-ED4C-4E34-9A3C-A6604B9BFAEE}.Release|x86.ActiveCfg = Release|x86
		{76F84589-ED4C-4E34-9A3C-A6604B9BFAEE}.Release|x86.Build.0 = Release|x86
		{4A03306D-3A01-4A89-B69D-15B23A898287}.Debug|Any CPU.ActiveCfg = Debug|Win32
		{4A03306D-3A01-4A89-B69D-15B23A898287}.Debug|Any CPU.Build.0 = Debug|Win32
		{4A03306D-3A01-4A89-B69D-15B23A898287}.Debug|ARM.ActiveCfg = Debug|Win32
		{4A03306D-3A01-4A89-B69D-15B23A898287}.Debug|ARM64.ActiveCfg = Debug|Win32
		{4A03306D-3A01-4A89-B69D-15B23A898287}.Debug|x64.ActiveCfg = Debug|x64
		{4A03306D-3A01-4A89-B69D-15B23A898287}.Debug|x64.Build.0 = Debug|x64
		{4A03306D-3A01-4A89-B69D-15B23A898287}.Debug|x86.ActiveCfg = Debug|Win32
		{4A03306D-3A01-4A89-B69D-15B23A898287}.Debug|x86.Build.0 = Debug|Win32
		{4A03306D-3A01-4A89-B69D-15B23A898287}.Release|Any CPU.ActiveCfg = Release|Win32
		{4A03306D-3A01-4A89-B69D-15B23A898287}.Release|Any CPU.Build.0 = Release|Win32
		{4A03306D-3A01-4A89-B69D-15B23A898287}.Release|ARM.ActiveCfg = Release|Win32
		{4A03306D-3A01-4A89-B69D-15B23A898287}.Release|ARM64.ActiveCfg = Release|Win32
		{4A03306D-3A01-4A89-B69D-15B23A898287}.Release|x64.ActiveCfg = Release|x64
		{4A03306D-3A01-4A89-B69D-15B23A898287}.Release|x64.Build.0 = Release|x64
		{4A03306D-3A01-4A89-B69D-15B23A898287}.Release|x86.ActiveCfg = Release|Win32
		{4A03306D-3A01-4A89-B69D-15B23A898287}.Release|x86.Build.0 = Release|Win32
		{095E6BF2-7DF4-4BA5-A5D7-7098D56ADDF4}.Debug|Any CPU.ActiveCfg = Debug|x86
		{095E6BF2-7DF4-4BA5-A5D7-7098D56ADDF4}.Debug|Any CPU.Build.0 = Debug|x86
		{095E6BF2-7DF4-4BA5-A5D7-7098D56ADDF4}.Debug|Any CPU.Deploy.0 = Debug|x86
		{095E6BF2-7DF4-4BA5-A5D7-7098D56ADDF4}.Debug|ARM.ActiveCfg = Debug|ARM
		{095E6BF2-7DF4-4BA5-A5D7-7098D56ADDF4}.Debug|ARM.Build.0 = Debug|ARM
		{095E6BF2-7DF4-4BA5-A5D7-7098D56ADDF4}.Debug|ARM.Deploy.0 = Debug|ARM
		{095E6BF2-7DF4-4BA5-A5D7-7098D56ADDF4}.Debug|ARM64.ActiveCfg = Debug|ARM64
		{095E6BF2-7DF4-4BA5-A5D7-7098D56ADDF4}.Debug|ARM64.Build.0 = Debug|ARM64
		{095E6BF2-7DF4-4BA5-A5D7-7098D56ADDF4}.Debug|ARM64.Deploy.0 = Debug|ARM64
		{095E6BF2-7DF4-4BA5-A5D7-7098D56ADDF4}.Debug|x64.ActiveCfg = Debug|x64
		{095E6BF2-7DF4-4BA5-A5D7-7098D56ADDF4}.Debug|x64.Build.0 = Debug|x64
		{095E6BF2-7DF4-4BA5-A5D7-7098D56ADDF4}.Debug|x64.Deploy.0 = Debug|x64
		{095E6BF2-7DF4-4BA5-A5D7-7098D56ADDF4}.Debug|x86.ActiveCfg = Debug|x86
		{095E6BF2-7DF4-4BA5-A5D7-7098D56ADDF4}.Debug|x86.Build.0 = Debug|x86
		{095E6BF2-7DF4-4BA5-A5D7-7098D56ADDF4}.Debug|x86.Deploy.0 = Debug|x86
		{095E6BF2-7DF4-4BA5-A5D7-7098D56ADDF4}.Release|Any CPU.ActiveCfg = Release|x86
		{095E6BF2-7DF4-4BA5-A5D7-7098D56ADDF4}.Release|ARM.ActiveCfg = Release|ARM
		{095E6BF2-7DF4-4BA5-A5D7-7098D56ADDF4}.Release|ARM.Build.0 = Release|ARM
		{095E6BF2-7DF4-4BA5-A5D7-7098D56ADDF4}.Release|ARM.Deploy.0 = Release|ARM
		{095E6BF2-7DF4-4BA5-A5D7-7098D56ADDF4}.Release|ARM64.ActiveCfg = Release|ARM64
		{095E6BF2-7DF4-4BA5-A5D7-7098D56ADDF4}.Release|ARM64.Build.0 = Release|ARM64
		{095E6BF2-7DF4-4BA5-A5D7-7098D56ADDF4}.Release|ARM64.Deploy.0 = Release|ARM64
		{095E6BF2-7DF4-4BA5-A5D7-7098D56ADDF4}.Release|x64.ActiveCfg = Release|x64
		{095E6BF2-7DF4-4BA5-A5D7-7098D56ADDF4}.Release|x64.Build.0 = Release|x64
		{095E6BF2-7DF4-4BA5-A5D7-7098D56ADDF4}.Release|x64.Deploy.0 = Release|x64
		{095E6BF2-7DF4-4BA5-A5D7-7098D56ADDF4}.Release|x86.ActiveCfg = Release|x86
		{095E6BF2-7DF4-4BA5-A5D7-7098D56ADDF4}.Release|x86.Build.0 = Release|x86
		{095E6BF2-7DF4-4BA5-A5D7-7098D56ADDF4}.Release|x86.Deploy.0 = Release|x86
		{A8955DAB-F60C-4460-9A89-6EC47E18D737}.Debug|Any CPU.ActiveCfg = Debug|x86
		{A8955DAB-F60C-4460-9A89-6EC47E18D737}.Debug|ARM.ActiveCfg = Debug|ARM
		{A8955DAB-F60C-4460-9A89-6EC47E18D737}.Debug|ARM.Build.0 = Debug|ARM
		{A8955DAB-F60C-4460-9A89-6EC47E18D737}.Debug|ARM.Deploy.0 = Debug|ARM
		{A8955DAB-F60C-4460-9A89-6EC47E18D737}.Debug|ARM64.ActiveCfg = Debug|ARM64
		{A8955DAB-F60C-4460-9A89-6EC47E18D737}.Debug|ARM64.Build.0 = Debug|ARM64
		{A8955DAB-F60C-4460-9A89-6EC47E18D737}.Debug|ARM64.Deploy.0 = Debug|ARM64
		{A8955DAB-F60C-4460-9A89-6EC47E18D737}.Debug|x64.ActiveCfg = Debug|x64
		{A8955DAB-F60C-4460-9A89-6EC47E18D737}.Debug|x64.Build.0 = Debug|x64
		{A8955DAB-F60C-4460-9A89-6EC47E18D737}.Debug|x64.Deploy.0 = Debug|x64
		{A8955DAB-F60C-4460-9A89-6EC47E18D737}.Debug|x86.ActiveCfg = Debug|x86
		{A8955DAB-F60C-4460-9A89-6EC47E18D737}.Debug|x86.Build.0 = Debug|x86
		{A8955DAB-F60C-4460-9A89-6EC47E18D737}.Debug|x86.Deploy.0 = Debug|x86
		{A8955DAB-F60C-4460-9A89-6EC47E18D737}.Release|Any CPU.ActiveCfg = Release|x86
		{A8955DAB-F60C-4460-9A89-6EC47E18D737}.Release|ARM.ActiveCfg = Release|ARM
		{A8955DAB-F60C-4460-9A89-6EC47E18D737}.Release|ARM.Build.0 = Release|ARM
		{A8955DAB-F60C-4460-9A89-6EC47E18D737}.Release|ARM.Deploy.0 = Release|ARM
		{A8955DAB-F60C-4460-9A89-6EC47E18D737}.Release|ARM64.ActiveCfg = Release|ARM64
		{A8955DAB-F60C-4460-9A89-6EC47E18D737}.Release|ARM64.Build.0 = Release|ARM64
		{A8955DAB-F60C-4460-9A89-6EC47E18D737}.Release|ARM64.Deploy.0 = Release|ARM64
		{A8955DAB-F60C-4460-9A89-6EC47E18D737}.Release|x64.ActiveCfg = Release|x64
		{A8955DAB-F60C-4460-9A89-6EC47E18D737}.Release|x64.Build.0 = Release|x64
		{A8955DAB-F60C-4460-9A89-6EC47E18D737}.Release|x64.Deploy.0 = Release|x64
		{A8955DAB-F60C-4460-9A89-6EC47E18D737}.Release|x86.ActiveCfg = Release|x86
		{A8955DAB-F60C-4460-9A89-6EC47E18D737}.Release|x86.Build.0 = Release|x86
		{A8955DAB-F60C-4460-9A89-6EC47E18D737}.Release|x86.Deploy.0 = Release|x86
		{24092479-781E-4F69-8FE5-E40E2D2FE8F4}.Debug|Any CPU.ActiveCfg = Debug|x86
		{24092479-781E-4F69-8FE5-E40E2D2FE8F4}.Debug|Any CPU.Build.0 = Debug|x86
		{24092479-781E-4F69-8FE5-E40E2D2FE8F4}.Debug|ARM.ActiveCfg = Debug|ARM
		{24092479-781E-4F69-8FE5-E40E2D2FE8F4}.Debug|ARM.Build.0 = Debug|ARM
		{24092479-781E-4F69-8FE5-E40E2D2FE8F4}.Debug|ARM64.ActiveCfg = Debug|ARM64
		{24092479-781E-4F69-8FE5-E40E2D2FE8F4}.Debug|ARM64.Build.0 = Debug|ARM64
		{24092479-781E-4F69-8FE5-E40E2D2FE8F4}.Debug|x64.ActiveCfg = Debug|x64
		{24092479-781E-4F69-8FE5-E40E2D2FE8F4}.Debug|x64.Build.0 = Debug|x64
		{24092479-781E-4F69-8FE5-E40E2D2FE8F4}.Debug|x86.ActiveCfg = Debug|x86
		{24092479-781E-4F69-8FE5-E40E2D2FE8F4}.Debug|x86.Build.0 = Debug|x86
		{24092479-781E-4F69-8FE5-E40E2D2FE8F4}.Release|Any CPU.ActiveCfg = Release|Any CPU
		{24092479-781E-4F69-8FE5-E40E2D2FE8F4}.Release|Any CPU.Build.0 = Release|Any CPU
		{24092479-781E-4F69-8FE5-E40E2D2FE8F4}.Release|ARM.ActiveCfg = Release|ARM
		{24092479-781E-4F69-8FE5-E40E2D2FE8F4}.Release|ARM.Build.0 = Release|ARM
		{24092479-781E-4F69-8FE5-E40E2D2FE8F4}.Release|ARM64.ActiveCfg = Release|ARM64
		{24092479-781E-4F69-8FE5-E40E2D2FE8F4}.Release|ARM64.Build.0 = Release|ARM64
		{24092479-781E-4F69-8FE5-E40E2D2FE8F4}.Release|x64.ActiveCfg = Release|x64
		{24092479-781E-4F69-8FE5-E40E2D2FE8F4}.Release|x64.Build.0 = Release|x64
		{24092479-781E-4F69-8FE5-E40E2D2FE8F4}.Release|x86.ActiveCfg = Release|x86
		{24092479-781E-4F69-8FE5-E40E2D2FE8F4}.Release|x86.Build.0 = Release|x86
		{E35C8AFD-6F7E-494D-BCDB-C9671215A485}.Debug|Any CPU.ActiveCfg = Debug|x86
		{E35C8AFD-6F7E-494D-BCDB-C9671215A485}.Debug|ARM.ActiveCfg = Debug|ARM
		{E35C8AFD-6F7E-494D-BCDB-C9671215A485}.Debug|ARM.Build.0 = Debug|ARM
		{E35C8AFD-6F7E-494D-BCDB-C9671215A485}.Debug|ARM.Deploy.0 = Debug|ARM
		{E35C8AFD-6F7E-494D-BCDB-C9671215A485}.Debug|ARM64.ActiveCfg = Debug|ARM64
		{E35C8AFD-6F7E-494D-BCDB-C9671215A485}.Debug|ARM64.Build.0 = Debug|ARM64
		{E35C8AFD-6F7E-494D-BCDB-C9671215A485}.Debug|ARM64.Deploy.0 = Debug|ARM64
		{E35C8AFD-6F7E-494D-BCDB-C9671215A485}.Debug|x64.ActiveCfg = Debug|x64
		{E35C8AFD-6F7E-494D-BCDB-C9671215A485}.Debug|x64.Build.0 = Debug|x64
		{E35C8AFD-6F7E-494D-BCDB-C9671215A485}.Debug|x64.Deploy.0 = Debug|x64
		{E35C8AFD-6F7E-494D-BCDB-C9671215A485}.Debug|x86.ActiveCfg = Debug|x86
		{E35C8AFD-6F7E-494D-BCDB-C9671215A485}.Debug|x86.Build.0 = Debug|x86
		{E35C8AFD-6F7E-494D-BCDB-C9671215A485}.Debug|x86.Deploy.0 = Debug|x86
		{E35C8AFD-6F7E-494D-BCDB-C9671215A485}.Release|Any CPU.ActiveCfg = Release|x86
		{E35C8AFD-6F7E-494D-BCDB-C9671215A485}.Release|ARM.ActiveCfg = Release|ARM
		{E35C8AFD-6F7E-494D-BCDB-C9671215A485}.Release|ARM.Build.0 = Release|ARM
		{E35C8AFD-6F7E-494D-BCDB-C9671215A485}.Release|ARM.Deploy.0 = Release|ARM
		{E35C8AFD-6F7E-494D-BCDB-C9671215A485}.Release|ARM64.ActiveCfg = Release|ARM64
		{E35C8AFD-6F7E-494D-BCDB-C9671215A485}.Release|ARM64.Build.0 = Release|ARM64
		{E35C8AFD-6F7E-494D-BCDB-C9671215A485}.Release|ARM64.Deploy.0 = Release|ARM64
		{E35C8AFD-6F7E-494D-BCDB-C9671215A485}.Release|x64.ActiveCfg = Release|x64
		{E35C8AFD-6F7E-494D-BCDB-C9671215A485}.Release|x64.Build.0 = Release|x64
		{E35C8AFD-6F7E-494D-BCDB-C9671215A485}.Release|x64.Deploy.0 = Release|x64
		{E35C8AFD-6F7E-494D-BCDB-C9671215A485}.Release|x86.ActiveCfg = Release|x86
		{E35C8AFD-6F7E-494D-BCDB-C9671215A485}.Release|x86.Build.0 = Release|x86
		{E35C8AFD-6F7E-494D-BCDB-C9671215A485}.Release|x86.Deploy.0 = Release|x86
		{1B8CA18D-7A8A-45F8-ADD7-470369F80CE9}.Debug|Any CPU.ActiveCfg = Debug|x86
		{1B8CA18D-7A8A-45F8-ADD7-470369F80CE9}.Debug|ARM.ActiveCfg = Debug|ARM
		{1B8CA18D-7A8A-45F8-ADD7-470369F80CE9}.Debug|ARM.Build.0 = Debug|ARM
		{1B8CA18D-7A8A-45F8-ADD7-470369F80CE9}.Debug|ARM.Deploy.0 = Debug|ARM
		{1B8CA18D-7A8A-45F8-ADD7-470369F80CE9}.Debug|ARM64.ActiveCfg = Debug|ARM64
		{1B8CA18D-7A8A-45F8-ADD7-470369F80CE9}.Debug|ARM64.Build.0 = Debug|ARM64
		{1B8CA18D-7A8A-45F8-ADD7-470369F80CE9}.Debug|ARM64.Deploy.0 = Debug|ARM64
		{1B8CA18D-7A8A-45F8-ADD7-470369F80CE9}.Debug|x64.ActiveCfg = Debug|x64
		{1B8CA18D-7A8A-45F8-ADD7-470369F80CE9}.Debug|x64.Build.0 = Debug|x64
		{1B8CA18D-7A8A-45F8-ADD7-470369F80CE9}.Debug|x64.Deploy.0 = Debug|x64
		{1B8CA18D-7A8A-45F8-ADD7-470369F80CE9}.Debug|x86.ActiveCfg = Debug|x86
		{1B8CA18D-7A8A-45F8-ADD7-470369F80CE9}.Debug|x86.Build.0 = Debug|x86
		{1B8CA18D-7A8A-45F8-ADD7-470369F80CE9}.Debug|x86.Deploy.0 = Debug|x86
		{1B8CA18D-7A8A-45F8-ADD7-470369F80CE9}.Release|Any CPU.ActiveCfg = Release|x86
		{1B8CA18D-7A8A-45F8-ADD7-470369F80CE9}.Release|ARM.ActiveCfg = Release|ARM
		{1B8CA18D-7A8A-45F8-ADD7-470369F80CE9}.Release|ARM.Build.0 = Release|ARM
		{1B8CA18D-7A8A-45F8-ADD7-470369F80CE9}.Release|ARM.Deploy.0 = Release|ARM
		{1B8CA18D-7A8A-45F8-ADD7-470369F80CE9}.Release|ARM64.ActiveCfg = Release|ARM64
		{1B8CA18D-7A8A-45F8-ADD7-470369F80CE9}.Release|ARM64.Build.0 = Release|ARM64
		{1B8CA18D-7A8A-45F8-ADD7-470369F80CE9}.Release|ARM64.Deploy.0 = Release|ARM64
		{1B8CA18D-7A8A-45F8-ADD7-470369F80CE9}.Release|x64.ActiveCfg = Release|x64
		{1B8CA18D-7A8A-45F8-ADD7-470369F80CE9}.Release|x64.Build.0 = Release|x64
		{1B8CA18D-7A8A-45F8-ADD7-470369F80CE9}.Release|x64.Deploy.0 = Release|x64
		{1B8CA18D-7A8A-45F8-ADD7-470369F80CE9}.Release|x86.ActiveCfg = Release|x86
		{1B8CA18D-7A8A-45F8-ADD7-470369F80CE9}.Release|x86.Build.0 = Release|x86
		{1B8CA18D-7A8A-45F8-ADD7-470369F80CE9}.Release|x86.Deploy.0 = Release|x86
	EndGlobalSection
	GlobalSection(SolutionProperties) = preSolution
		HideSolutionNode = FALSE
	EndGlobalSection
	GlobalSection(NestedProjects) = preSolution
		{095E6BF2-7DF4-4BA5-A5D7-7098D56ADDF4} = {6EBFE7C0-7A88-489D-9CA8-AC9586AC8340}
		{A8955DAB-F60C-4460-9A89-6EC47E18D737} = {982BFDC9-6D57-4ECA-8A87-64135952BF81}
		{E35C8AFD-6F7E-494D-BCDB-C9671215A485} = {982BFDC9-6D57-4ECA-8A87-64135952BF81}
		{1B8CA18D-7A8A-45F8-ADD7-470369F80CE9} = {982BFDC9-6D57-4ECA-8A87-64135952BF81}
	EndGlobalSection
	GlobalSection(ExtensibilityGlobals) = postSolution
		SolutionGuid = {7E96C60F-14AF-4198-8FEE-5E10F8669CA1}
	EndGlobalSection
EndGlobal
